
Microsoft Visual Studio Solution File, Format Version 12.00
# Visual Studio Version 17
VisualStudioVersion = 17.0.31903.59
MinimumVisualStudioVersion = 10.0.40219.1
Project("{2150E333-8FDC-42A3-9474-1A3956D46DE8}") = "src", "src", "{827E0CD3-B72D-47B6-A68D-7590B98EB39B}"
EndProject
Project("{FAE04EC0-301F-11D3-BF4B-00C04F79EFBC}") = "GS1Resolver.Shared", "src\GS1Resolver.Shared\GS1Resolver.Shared.csproj", "{33381402-8695-4F7D-9C7F-2A2BDC1EF176}"
EndProject
Project("{FAE04EC0-301F-11D3-BF4B-00C04F79EFBC}") = "DataEntryService", "src\DataEntryService\DataEntryService.csproj", "{C728F702-A859-46C1-B9A2-DC92E974EF08}"
EndProject
Project("{FAE04EC0-301F-11D3-BF4B-00C04F79EFBC}") = "WebResolverService", "src\WebResolverService\WebResolverService.csproj", "{9984CF43-EE10-4EAC-B8C8-AF6216FD3CD8}"
EndProject
Project("{FAE04EC0-301F-11D3-BF4B-00C04F79EFBC}") = "TestHarnessService", "src\TestHarnessService\TestHarnessService.csproj", "{AEDF3692-92C0-4E4C-8CB0-396C9E438E07}"
EndProject
Project("{2150E333-8FDC-42A3-9474-1A3956D46DE8}") = "tests", "tests", "{02EA681E-C7D8-13C7-8484-4AC65E1B71E8}"
EndProject
Project("{2150E333-8FDC-42A3-9474-1A3956D46DE8}") = "docs", "docs", "{847B7F91-3F24-4807-AF3A-55DF1D0B2A87}"
	ProjectSection(SolutionItems) = preProject
		docs\ARCHITECTURE.md = docs\ARCHITECTURE.md
	EndProjectSection
EndProject
Project("{2150E333-8FDC-42A3-9474-1A3956D46DE8}") = "Solution Items", "Solution Items", "{8EC462FD-D22E-90A8-E5CE-7E832BA40C5D}"
	ProjectSection(SolutionItems) = preProject
		docker-compose.yml = docker-compose.yml
		README.md = README.md
	EndProjectSection
EndProject
Project("{FAE04EC0-301F-11D3-BF4B-00C04F79EFBC}") = "GS1Resolver.Shared.Tests", "src\GS1Resolver.Shared.Tests\GS1Resolver.Shared.Tests.csproj", "{FED46B48-15DE-22C4-9E50-17EDC8DB099D}"
EndProject
Global
	GlobalSection(SolutionConfigurationPlatforms) = preSolution
		Debug|Any CPU = Debug|Any CPU
		Debug|x64 = Debug|x64
		Debug|x86 = Debug|x86
		Release|Any CPU = Release|Any CPU
		Release|x64 = Release|x64
		Release|x86 = Release|x86
	EndGlobalSection
	GlobalSection(ProjectConfigurationPlatforms) = postSolution
		{33381402-8695-4F7D-9C7F-2A2BDC1EF176}.Debug|Any CPU.ActiveCfg = Debug|Any CPU
		{33381402-8695-4F7D-9C7F-2A2BDC1EF176}.Debug|Any CPU.Build.0 = Debug|Any CPU
		{33381402-8695-4F7D-9C7F-2A2BDC1EF176}.Debug|x64.ActiveCfg = Debug|Any CPU
		{33381402-8695-4F7D-9C7F-2A2BDC1EF176}.Debug|x64.Build.0 = Debug|Any CPU
		{33381402-8695-4F7D-9C7F-2A2BDC1EF176}.Debug|x86.ActiveCfg = Debug|Any CPU
		{33381402-8695-4F7D-9C7F-2A2BDC1EF176}.Debug|x86.Build.0 = Debug|Any CPU
		{33381402-8695-4F7D-9C7F-2A2BDC1EF176}.Release|Any CPU.ActiveCfg = Release|Any CPU
		{33381402-8695-4F7D-9C7F-2A2BDC1EF176}.Release|Any CPU.Build.0 = Release|Any CPU
		{33381402-8695-4F7D-9C7F-2A2BDC1EF176}.Release|x64.ActiveCfg = Release|Any CPU
		{33381402-8695-4F7D-9C7F-2A2BDC1EF176}.Release|x64.Build.0 = Release|Any CPU
		{33381402-8695-4F7D-9C7F-2A2BDC1EF176}.Release|x86.ActiveCfg = Release|Any CPU
		{33381402-8695-4F7D-9C7F-2A2BDC1EF176}.Release|x86.Build.0 = Release|Any CPU
		{C728F702-A859-46C1-B9A2-DC92E974EF08}.Debug|Any CPU.ActiveCfg = Debug|Any CPU
		{C728F702-A859-46C1-B9A2-DC92E974EF08}.Debug|Any CPU.Build.0 = Debug|Any CPU
		{C728F702-A859-46C1-B9A2-DC92E974EF08}.Debug|x64.ActiveCfg = Debug|Any CPU
		{C728F702-A859-46C1-B9A2-DC92E974EF08}.Debug|x64.Build.0 = Debug|Any CPU
		{C728F702-A859-46C1-B9A2-DC92E974EF08}.Debug|x86.ActiveCfg = Debug|Any CPU
		{C728F702-A859-46C1-B9A2-DC92E974EF08}.Debug|x86.Build.0 = Debug|Any CPU
		{C728F702-A859-46C1-B9A2-DC92E974EF08}.Release|Any CPU.ActiveCfg = Release|Any CPU
		{C728F702-A859-46C1-B9A2-DC92E974EF08}.Release|Any CPU.Build.0 = Release|Any CPU
		{C728F702-A859-46C1-B9A2-DC92E974EF08}.Release|x64.ActiveCfg = Release|Any CPU
		{C728F702-A859-46C1-B9A2-DC92E974EF08}.Release|x64.Build.0 = Release|Any CPU
		{C728F702-A859-46C1-B9A2-DC92E974EF08}.Release|x86.ActiveCfg = Release|Any CPU
		{C728F702-A859-46C1-B9A2-DC92E974EF08}.Release|x86.Build.0 = Release|Any CPU
		{9984CF43-EE10-4EAC-B8C8-AF6216FD3CD8}.Debug|Any CPU.ActiveCfg = Debug|Any CPU
		{9984CF43-EE10-4EAC-B8C8-AF6216FD3CD8}.Debug|Any CPU.Build.0 = Debug|Any CPU
		{9984CF43-EE10-4EAC-B8C8-AF6216FD3CD8}.Debug|x64.ActiveCfg = Debug|Any CPU
		{9984CF43-EE10-4EAC-B8C8-AF6216FD3CD8}.Debug|x64.Build.0 = Debug|Any CPU
		{9984CF43-EE10-4EAC-B8C8-AF6216FD3CD8}.Debug|x86.ActiveCfg = Debug|Any CPU
		{9984CF43-EE10-4EAC-B8C8-AF6216FD3CD8}.Debug|x86.Build.0 = Debug|Any CPU
		{9984CF43-EE10-4EAC-B8C8-AF6216FD3CD8}.Release|Any CPU.ActiveCfg = Release|Any CPU
		{9984CF43-EE10-4EAC-B8C8-AF6216FD3CD8}.Release|Any CPU.Build.0 = Release|Any CPU
		{9984CF43-EE10-4EAC-B8C8-AF6216FD3CD8}.Release|x64.ActiveCfg = Release|Any CPU
		{9984CF43-EE10-4EAC-B8C8-AF6216FD3CD8}.Release|x64.Build.0 = Release|Any CPU
		{9984CF43-EE10-4EAC-B8C8-AF6216FD3CD8}.Release|x86.ActiveCfg = Release|Any CPU
		{9984CF43-EE10-4EAC-B8C8-AF6216FD3CD8}.Release|x86.Build.0 = Release|Any CPU
		{AEDF3692-92C0-4E4C-8CB0-396C9E438E07}.Debug|Any CPU.ActiveCfg = Debug|Any CPU
		{AEDF3692-92C0-4E4C-8CB0-396C9E438E07}.Debug|Any CPU.Build.0 = Debug|Any CPU
		{AEDF3692-92C0-4E4C-8CB0-396C9E438E07}.Debug|x64.ActiveCfg = Debug|Any CPU
		{AEDF3692-92C0-4E4C-8CB0-396C9E438E07}.Debug|x64.Build.0 = Debug|Any CPU
		{AEDF3692-92C0-4E4C-8CB0-396C9E438E07}.Debug|x86.ActiveCfg = Debug|Any CPU
		{AEDF3692-92C0-4E4C-8CB0-396C9E438E07}.Debug|x86.Build.0 = Debug|Any CPU
		{AEDF3692-92C0-4E4C-8CB0-396C9E438E07}.Release|Any CPU.ActiveCfg = Release|Any CPU
		{AEDF3692-92C0-4E4C-8CB0-396C9E438E07}.Release|Any CPU.Build.0 = Release|Any CPU
		{AEDF3692-92C0-4E4C-8CB0-396C9E438E07}.Release|x64.ActiveCfg = Release|Any CPU
		{AEDF3692-92C0-4E4C-8CB0-396C9E438E07}.Release|x64.Build.0 = Release|Any CPU
		{AEDF3692-92C0-4E4C-8CB0-396C9E438E07}.Release|x86.ActiveCfg = Release|Any CPU
		{AEDF3692-92C0-4E4C-8CB0-396C9E438E07}.Release|x86.Build.0 = Release|Any CPU
		{FED46B48-15DE-22C4-9E50-17EDC8DB099D}.Debug|Any CPU.ActiveCfg = Debug|Any CPU
		{FED46B48-15DE-22C4-9E50-17EDC8DB099D}.Debug|Any CPU.Build.0 = Debug|Any CPU
		{FED46B48-15DE-22C4-9E50-17EDC8DB099D}.Debug|x64.ActiveCfg = Debug|Any CPU
		{FED46B48-15DE-22C4-9E50-17EDC8DB099D}.Debug|x64.Build.0 = Debug|Any CPU
		{FED46B48-15DE-22C4-9E50-17EDC8DB099D}.Debug|x86.ActiveCfg = Debug|Any CPU
		{FED46B48-15DE-22C4-9E50-17EDC8DB099D}.Debug|x86.Build.0 = Debug|Any CPU
		{FED46B48-15DE-22C4-9E50-17EDC8DB099D}.Release|Any CPU.ActiveCfg = Release|Any CPU
		{FED46B48-15DE-22C4-9E50-17EDC8DB099D}.Release|Any CPU.Build.0 = Release|Any CPU
		{FED46B48-15DE-22C4-9E50-17EDC8DB099D}.Release|x64.ActiveCfg = Release|Any CPU
		{FED46B48-15DE-22C4-9E50-17EDC8DB099D}.Release|x64.Build.0 = Release|Any CPU
		{FED46B48-15DE-22C4-9E50-17EDC8DB099D}.Release|x86.ActiveCfg = Release|Any CPU
		{FED46B48-15DE-22C4-9E50-17EDC8DB099D}.Release|x86.Build.0 = Release|Any CPU
	EndGlobalSection
	GlobalSection(SolutionProperties) = preSolution
		HideSolutionNode = FALSE
	EndGlobalSection
	GlobalSection(NestedProjects) = preSolution
		{33381402-8695-4F7D-9C7F-2A2BDC1EF176} = {827E0CD3-B72D-47B6-A68D-7590B98EB39B}
		{C728F702-A859-46C1-B9A2-DC92E974EF08} = {827E0CD3-B72D-47B6-A68D-7590B98EB39B}
		{9984CF43-EE10-4EAC-B8C8-AF6216FD3CD8} = {827E0CD3-B72D-47B6-A68D-7590B98EB39B}
		{AEDF3692-92C0-4E4C-8CB0-396C9E438E07} = {02EA681E-C7D8-13C7-8484-4AC65E1B71E8}
		{FED46B48-15DE-22C4-9E50-17EDC8DB099D} = {02EA681E-C7D8-13C7-8484-4AC65E1B71E8}
	EndGlobalSection
	GlobalSection(ExtensibilityGlobals) = postSolution
		SolutionGuid = {AD4D1FDB-E584-4A1A-B998-CBF9A12944BE}
	EndGlobalSection
EndGlobal
